
Microsoft Visual Studio Solution File, Format Version 12.00
# Visual Studio Version 17
VisualStudioVersion = 17.13.35931.197 d17.13
MinimumVisualStudioVersion = 10.0.40219.1
Project("{FAE04EC0-301F-11D3-BF4B-00C04F79EFBC}") = "Question3_Encapsulation", "Question3_Encapsulation\Question3_Encapsulation.csproj", "{6659A3CF-C607-4A47-BA95-FEE2D28519D5}"
EndProject
Global
	GlobalSection(SolutionConfigurationPlatforms) = preSolution
		Debug|Any CPU = Debug|Any CPU
		Release|Any CPU = Release|Any CPU
	EndGlobalSection
	GlobalSection(ProjectConfigurationPlatforms) = postSolution
		{6659A3CF-C607-4A47-BA95-FEE2D28519D5}.Debug|Any CPU.ActiveCfg = Debug|Any CPU
		{6659A3CF-C607-4A47-BA95-FEE2D28519D5}.Debug|Any CPU.Build.0 = Debug|Any CPU
		{6659A3CF-C607-4A47-BA95-FEE2D28519D5}.Release|Any CPU.ActiveCfg = Release|Any CPU
		{6659A3CF-C607-4A47-BA95-FEE2D28519D5}.Release|Any CPU.Build.0 = Release|Any CPU
	EndGlobalSection
	GlobalSection(SolutionProperties) = preSolution
		HideSolutionNode = FALSE
	EndGlobalSection
	GlobalSection(ExtensibilityGlobals) = postSolution
		SolutionGuid = {EE8CFFA3-C1D5-46E0-8393-EC51EE015533}
	EndGlobalSection
EndGlobal
